
Microsoft Visual Studio Solution File, Format Version 12.00
# Visual Studio Version 17
VisualStudioVersion = 17.3.32901.215
MinimumVisualStudioVersion = 10.0.40219.1
Project("{FAE04EC0-301F-11D3-BF4B-00C04F79EFBC}") = "QuickSort_090", "QuickSort_090\QuickSort_090.csproj", "{F21AEBDA-B858-43E1-B376-7C7B750DBBEC}"
EndProject
Global
	GlobalSection(SolutionConfigurationPlatforms) = preSolution
		Debug|Any CPU = Debug|Any CPU
		Release|Any CPU = Release|Any CPU
	EndGlobalSection
	GlobalSection(ProjectConfigurationPlatforms) = postSolution
		{F21AEBDA-B858-43E1-B376-7C7B750DBBEC}.Debug|Any CPU.ActiveCfg = Debug|Any CPU
		{F21AEBDA-B858-43E1-B376-7C7B750DBBEC}.Debug|Any CPU.Build.0 = Debug|Any CPU
		{F21AEBDA-B858-43E1-B376-7C7B750DBBEC}.Release|Any CPU.ActiveCfg = Release|Any CPU
		{F21AEBDA-B858-43E1-B376-7C7B750DBBEC}.Release|Any CPU.Build.0 = Release|Any CPU
	EndGlobalSection
	GlobalSection(SolutionProperties) = preSolution
		HideSolutionNode = FALSE
	EndGlobalSection
	GlobalSection(ExtensibilityGlobals) = postSolution
		SolutionGuid = {2CE4DD4A-7DBC-428D-A8E4-491B7563157B}
	EndGlobalSection
EndGlobal
